
Microsoft Visual Studio Solution File, Format Version 12.00
# Visual Studio Version 18
VisualStudioVersion = 18.2.11415.280 d18.0
MinimumVisualStudioVersion = 10.0.40219.1
Project("{FAE04EC0-301F-11D3-BF4B-00C04F79EFBC}") = "LockBenchmark", "LockBenchmark.csproj", "{DA67DA7B-E385-83C5-8301-36894D05868E}"
EndProject
Global
	GlobalSection(SolutionConfigurationPlatforms) = preSolution
		Debug|Any CPU = Debug|Any CPU
		Release|Any CPU = Release|Any CPU
	EndGlobalSection
	GlobalSection(ProjectConfigurationPlatforms) = postSolution
		{DA67DA7B-E385-83C5-8301-36894D05868E}.Debug|Any CPU.ActiveCfg = Debug|Any CPU
		{DA67DA7B-E385-83C5-8301-36894D05868E}.Debug|Any CPU.Build.0 = Debug|Any CPU
		{DA67DA7B-E385-83C5-8301-36894D05868E}.Release|Any CPU.ActiveCfg = Release|Any CPU
		{DA67DA7B-E385-83C5-8301-36894D05868E}.Release|Any CPU.Build.0 = Release|Any CPU
	EndGlobalSection
	GlobalSection(SolutionProperties) = preSolution
		HideSolutionNode = FALSE
	EndGlobalSection
	GlobalSection(ExtensibilityGlobals) = postSolution
		SolutionGuid = {A68CE479-2339-412B-BE33-6547CF001ED7}
	EndGlobalSection
EndGlobal
